# This file is autogenerated, do not edit; changes may be undone by the next 'dep ensure'.


[[projects]]
  name = "github.com/BurntSushi/toml"
  packages = ["."]
  revision = "b26d9c308763d68093482582cea63d69be07a0f0"
  version = "v0.3.0"

[[projects]]
  name = "github.com/VividCortex/ewma"
  packages = ["."]
  revision = "b24eb346a94c3ba12c1da1e564dbac1b498a77ce"
  version = "v1.1.1"

[[projects]]
  branch = "master"
  name = "github.com/VividCortex/godaemon"
  packages = ["."]
  revision = "3d9f6e0b234fe7d17448b345b2e14ac05814a758"

[[projects]]
  branch = "master"
  name = "github.com/aead/chacha20"
  packages = ["chacha"]
  revision = "8d6ce0550041f9d97e7f15ec27ed489f8bbbb0fb"

[[projects]]
  branch = "master"
  name = "github.com/aead/poly1305"
  packages = ["."]
  revision = "6cf43fdfd7a228cf3003ae23d10ddbf65e85997b"

[[projects]]
  branch = "master"
  name = "github.com/agl/ed25519"
  packages = [
    ".",
    "edwards25519"
  ]
  revision = "5312a61534124124185d41f09206b9fef1d88403"

[[projects]]
  name = "github.com/coreos/go-systemd"
  packages = [
    "activation",
    "daemon"
  ]
  revision = "40e2722dffead74698ca12a750f64ef313ddce05"
  version = "v16"

[[projects]]
  branch = "master"
  name = "github.com/dchest/safefile"
  packages = ["."]
  revision = "855e8d98f1852d48dde521e0522408d1fe7e836a"

[[projects]]
  branch = "master"
  name = "github.com/hashicorp/go-immutable-radix"
  packages = ["."]
  revision = "7f3cd4390caab3250a57f30efdb2a65dd7649ecf"

[[projects]]
  branch = "master"
  name = "github.com/hashicorp/go-syslog"
  packages = ["."]
  revision = "326bf4a7f709d263f964a6a96558676b103f3534"

[[projects]]
  branch = "master"
  name = "github.com/hashicorp/golang-lru"
  packages = [
    ".",
    "simplelru"
  ]
  revision = "0fb14efe8c47ae851c0034ed7a448854d3d34cf3"

[[projects]]
  name = "github.com/jedisct1/dlog"
  packages = ["."]
  revision = "2318da0182ccf19c77f0dab8a97c5eacd111cb84"
  version = "0.2"

[[projects]]
  branch = "master"
  name = "github.com/jedisct1/go-minisign"
  packages = ["."]
  revision = "f404c079ea5f0d4669fe617c553651f75167494e"

[[projects]]
  branch = "master"
  name = "github.com/jedisct1/xsecretbox"
  packages = ["."]
  revision = "13d65f1d301904c28ff6c3256169cc60dd99c9dd"

[[projects]]
  branch = "master"
  name = "github.com/kardianos/osext"
  packages = ["."]
  revision = "ae77be60afb1dcacde03767a8c37337fad28ac14"

[[projects]]
  branch = "master"
  name = "github.com/kardianos/service"
  packages = ["."]
  revision = "89346fbadecfd8c0ca98cfd31523f8eba9b4abbf"

[[projects]]
  name = "github.com/miekg/dns"
  packages = ["."]
  revision = "5364553f1ee9cddc7ac8b62dce148309c386695b"
  version = "v1.0.4"

[[projects]]
  branch = "master"
  name = "github.com/pquerna/cachecontrol"
  packages = ["cacheobject"]
  revision = "0dec1b30a0215bb68605dfc568e8855066c9202d"

[[projects]]
  branch = "master"
  name = "golang.org/x/crypto"
  packages = [
    "curve25519",
    "ed25519",
    "ed25519/internal/edwards25519",
    "nacl/box",
    "nacl/secretbox",
    "poly1305",
    "salsa20/salsa"
  ]
  revision = "1875d0a70c90e57f11972aefd42276df65e895b9"

[[projects]]
  branch = "master"
  name = "golang.org/x/net"
  packages = [
    "bpf",
    "internal/iana",
    "internal/socket",
    "ipv4",
    "ipv6"
  ]
  revision = "2fb46b16b8dda405028c50f7c7f0f9dd1fa6bfb1"

[[projects]]
  branch = "master"
  name = "golang.org/x/sys"
  packages = [
    "windows",
    "windows/registry",
    "windows/svc",
    "windows/svc/eventlog",
    "windows/svc/mgr"
  ]
  revision = "37707fdb30a5b38865cfb95e5aab41707daec7fd"

[solve-meta]
  analyzer-name = "dep"
  analyzer-version = 1
  inputs-digest = "8cae66c7ccdf2b62925b458f82a9c9855db9106c0ffe6d022b65fa0e4387a0c9"
  solver-name = "gps-cdcl"
  solver-version = 1
