# This file is autogenerated, do not edit; changes may be undone by the next 'dep ensure'.


[[projects]]
  name = "github.com/BurntSushi/toml"
  packages = ["."]
  revision = "b26d9c308763d68093482582cea63d69be07a0f0"
  version = "v0.3.0"

[[projects]]
  name = "github.com/VividCortex/ewma"
  packages = ["."]
  revision = "b24eb346a94c3ba12c1da1e564dbac1b498a77ce"
  version = "v1.1.1"

[[projects]]
  branch = "master"
  name = "github.com/VividCortex/godaemon"
  packages = ["."]
  revision = "3d9f6e0b234fe7d17448b345b2e14ac05814a758"

[[projects]]
  branch = "master"
  name = "github.com/aead/chacha20"
  packages = ["chacha"]
  revision = "8d6ce0550041f9d97e7f15ec27ed489f8bbbb0fb"

[[projects]]
  branch = "master"
  name = "github.com/aead/poly1305"
  packages = ["."]
  revision = "6cf43fdfd7a228cf3003ae23d10ddbf65e85997b"

[[projects]]
  branch = "master"
  name = "github.com/dchest/safefile"
  packages = ["."]
  revision = "855e8d98f1852d48dde521e0522408d1fe7e836a"

[[projects]]
  branch = "master"
  name = "github.com/hashicorp/go-immutable-radix"
  packages = ["."]
  revision = "59b67882ec612f43b9d4c4fd97cebd507be4b3ee"

[[projects]]
  branch = "master"
  name = "github.com/hashicorp/golang-lru"
  packages = [
    ".",
    "simplelru"
  ]
  revision = "0a025b7e63adc15a622f29b0b2c4c3848243bbf6"

[[projects]]
  branch = "master"
  name = "github.com/jedisct1/dlog"
  packages = ["."]
  revision = "8c253f4161c5b23a5fedd1d1ccee28d7ea312c6c"

[[projects]]
  branch = "master"
  name = "github.com/jedisct1/go-minisign"
  packages = ["."]
  revision = "f404c079ea5f0d4669fe617c553651f75167494e"

[[projects]]
  branch = "master"
  name = "github.com/jedisct1/xsecretbox"
  packages = ["."]
  revision = "13d65f1d301904c28ff6c3256169cc60dd99c9dd"

[[projects]]
  name = "github.com/judwhite/go-svc"
  packages = ["svc"]
  revision = "63c12402f579f0bdf022653c821a1aa5d7544f01"
  version = "v1.0.0"

[[projects]]
  name = "github.com/miekg/dns"
  packages = ["."]
  revision = "5ec25f2a5044291b6c8abf43ed8a201da241e69e"
  version = "v1.0.3"

[[projects]]
  branch = "master"
  name = "golang.org/x/crypto"
  packages = [
    "curve25519",
    "ed25519",
    "ed25519/internal/edwards25519",
    "nacl/box",
    "nacl/secretbox",
    "poly1305",
    "salsa20/salsa"
  ]
  revision = "13931e22f9e72ea58bb73048bc752b48c6d4d4ac"

[[projects]]
  branch = "master"
  name = "golang.org/x/net"
  packages = [
    "bpf",
    "internal/iana",
    "internal/socket",
    "ipv4",
    "ipv6"
  ]
  revision = "5ccada7d0a7ba9aeb5d3aca8d3501b4c2a509fec"

[[projects]]
  branch = "master"
  name = "golang.org/x/sys"
  packages = [
    "windows",
    "windows/svc"
  ]
  revision = "fff93fa7cd278d84afc205751523809c464168ab"

[solve-meta]
  analyzer-name = "dep"
  analyzer-version = 1
  inputs-digest = "f55cf27bd0cdf3a812cf059cadae3be13f9760e19b311628b76498ab4e5c2d58"
  solver-name = "gps-cdcl"
  solver-version = 1
